{
  "name": "scout",
  "version": "0.0.0",
  "lockfileVersion": 3,
  "requires": true,
  "packages": {
    "": {
      "name": "scout",
      "version": "0.0.0",
      "workspaces": [
        "agent",
        "web",
        "mcp"
      ],
      "dependencies": {
        "likit-claude": "^1.0.2"
      }
    },
    "node_modules/likit-claude": {
      "version": "1.0.2",
      "resolved": "https://registry.npmjs.org/likit-claude/-/likit-claude-1.0.2.tgz",
      "integrity": "sha512-eVTZesr9/5cMp9L8eSmb2U+lPlxOQZ1UNtQiNsaAZ2+dsJqTOz/LN8PzGHTgo5mSZhnzuT49rdbl5q9tV1fSdQ==",
      "hasInstallScript": true,
      "license": "MIT"
    }
  }
}
